{
  "name": "kolay-microfront",
  "version": "1.0.1",
  "lockfileVersion": 1,
  "requires": true,
  "dependencies": {
    "belter": {
      "version": "1.0.123",
      "resolved": "https://registry.npmjs.org/belter/-/belter-1.0.123.tgz",
      "integrity": "sha512-SV1wtG+HHygUmFOBcPbKBix5aWfxdeUZ/+h2d7yGuIuQTu6x65zzUYGQg9CrUsd63DtzqCj09S1CBSHxDjhYmQ==",
      "requires": {
        "cross-domain-safe-weakmap": "^1.0.20",
        "cross-domain-utils": "^2.0.10",
        "zalgo-promise": "^1.0.28"
      }
    },
    "cross-domain-safe-weakmap": {
      "version": "1.0.27",
      "resolved": "https://registry.npmjs.org/cross-domain-safe-weakmap/-/cross-domain-safe-weakmap-1.0.27.tgz",
      "integrity": "sha512-f5etDzszteeGh99Dzd7o72FGwd8rLGzgEv50Vk0r8mLzPdQEzcb7Vmx3PfKWD4k66Hp8vN0BLPuBmmMs4UxseQ==",
      "requires": {
        "cross-domain-utils": "^2.0.0"
      }
    },
    "cross-domain-utils": {
      "version": "2.0.33",
      "resolved": "https://registry.npmjs.org/cross-domain-utils/-/cross-domain-utils-2.0.33.tgz",
      "integrity": "sha512-qMcwxgwBcD0ag693vXuN9wiG2VmDZYDq2zcZEEWQPKWWOsHG847FKt2nztZNDO12qxw8E8+v21fcnv4Xbf2gsw==",
      "requires": {
        "zalgo-promise": "^1.0.11"
      }
    },
    "post-robot": {
      "version": "10.0.39",
      "resolved": "https://registry.npmjs.org/post-robot/-/post-robot-10.0.39.tgz",
      "integrity": "sha512-6X/Rb1mBEko4rfCugQm4IdV6fUBN+re1dOQRa/yU4PRFt4J0gy/m4UPAPikBsg7jO/Ob4eQ30klvStx2UOcDWA==",
      "requires": {
        "belter": "^1.0.41",
        "cross-domain-safe-weakmap": "^1.0.1",
        "cross-domain-utils": "^2.0.0",
        "universal-serialize": "^1.0.4",
        "zalgo-promise": "^1.0.3"
      }
    },
    "typescript": {
      "version": "3.9.7",
      "resolved": "https://registry.npmjs.org/typescript/-/typescript-3.9.7.tgz",
      "integrity": "sha512-BLbiRkiBzAwsjut4x/dsibSTB6yWpwT5qWmC2OfuCg3GgVQCSgMs4vEctYPhsaGtd0AeuuHMkjZ2h2WG8MSzRw==",
      "optional": true
    },
    "universal-serialize": {
      "version": "1.0.8",
      "resolved": "https://registry.npmjs.org/universal-serialize/-/universal-serialize-1.0.8.tgz",
      "integrity": "sha512-AhC3D26asmMkxAadYjCUJh98AUV/Fpp9uStVz4OuigpaGqIwY+i95EWE392P+4ObOPFHw8TUk/GazyiSGDtxhA=="
    },
    "zalgo-promise": {
      "version": "1.0.45",
      "resolved": "https://registry.npmjs.org/zalgo-promise/-/zalgo-promise-1.0.45.tgz",
      "integrity": "sha512-SN/c5HjWRXEi7mcXcjHZa3syCdtF1SnjjmhNNPi0jsVCpd/CNIfsRXsz4KfFxj/vGSbGvAJB05wcdZW5TYwHCg=="
    }
  }
}
